// !$*UTF8*$!
{
	archiveVersion = 1;
	classes = {
	};
	objectVersion = 46;
	objects = {

/* Begin PBXBuildFile section */
		B7C6198C1DF02AA0005559FE /* Main.storyboard in Resources */ = {isa = PBXBuildFile; fileRef = B7C6198A1DF02AA0005559FE /* Main.storyboard */; };
		B7C6198E1DF02AA0005559FE /* Assets.xcassets in Resources */ = {isa = PBXBuildFile; fileRef = B7C6198D1DF02AA0005559FE /* Assets.xcassets */; };
		B7C619911DF02AA0005559FE /* LaunchScreen.storyboard in Resources */ = {isa = PBXBuildFile; fileRef = B7C6198F1DF02AA0005559FE /* LaunchScreen.storyboard */; };
		B7C6199C1DF02AA0005559FE /* ToDoTests.swift in Sources */ = {isa = PBXBuildFile; fileRef = B7C6199B1DF02AA0005559FE /* ToDoTests.swift */; };
		B7C619A71DF02AA0005559FE /* ToDoUITests.swift in Sources */ = {isa = PBXBuildFile; fileRef = B7C619A61DF02AA0005559FE /* ToDoUITests.swift */; };
		B7C619B51DF02D46005559FE /* ToDoList.plist in Resources */ = {isa = PBXBuildFile; fileRef = B7C619B41DF02D46005559FE /* ToDoList.plist */; };
		B7C619B71DF02D69005559FE /* DueDateTableViewController.swift in Sources */ = {isa = PBXBuildFile; fileRef = B7C619B61DF02D69005559FE /* DueDateTableViewController.swift */; };
		B7C619B91DF02DA5005559FE /* PriorityTableViewController.swift in Sources */ = {isa = PBXBuildFile; fileRef = B7C619B81DF02DA5005559FE /* PriorityTableViewController.swift */; };
		B7C619BF1DF02DC9005559FE /* ChangeTaskViewController.swift in Sources */ = {isa = PBXBuildFile; fileRef = B7C619BA1DF02DC9005559FE /* ChangeTaskViewController.swift */; };
		B7C619C01DF02DC9005559FE /* TaskReadOnlyViewController.swift in Sources */ = {isa = PBXBuildFile; fileRef = B7C619BB1DF02DC9005559FE /* TaskReadOnlyViewController.swift */; };
		B7C619C11DF02DC9005559FE /* ToDoListTableViewController.swift in Sources */ = {isa = PBXBuildFile; fileRef = B7C619BC1DF02DC9005559FE /* ToDoListTableViewController.swift */; };
		B7C619C21DF02DC9005559FE /* AddTaskViewController.swift in Sources */ = {isa = PBXBuildFile; fileRef = B7C619BD1DF02DC9005559FE /* AddTaskViewController.swift */; };
		B7C619C31DF02DC9005559FE /* TaskTableViewCell.swift in Sources */ = {isa = PBXBuildFile; fileRef = B7C619BE1DF02DC9005559FE /* TaskTableViewCell.swift */; };
		B7C619C61DF02DD6005559FE /* ToBeDoneTableViewController.swift in Sources */ = {isa = PBXBuildFile; fileRef = B7C619C41DF02DD6005559FE /* ToBeDoneTableViewController.swift */; };
		B7C619C71DF02DD6005559FE /* ToBeDoneTableViewCell.swift in Sources */ = {isa = PBXBuildFile; fileRef = B7C619C51DF02DD6005559FE /* ToBeDoneTableViewCell.swift */; };
		B7C619C91DF02E11005559FE /* AppDelegate.swift in Sources */ = {isa = PBXBuildFile; fileRef = B7C619C81DF02E11005559FE /* AppDelegate.swift */; };
/* End PBXBuildFile section */

/* Begin PBXContainerItemProxy section */
		B7C619981DF02AA0005559FE /* PBXContainerItemProxy */ = {
			isa = PBXContainerItemProxy;
			containerPortal = B7C619791DF02AA0005559FE /* Project object */;
			proxyType = 1;
			remoteGlobalIDString = B7C619801DF02AA0005559FE;
			remoteInfo = ToDo;
		};
		B7C619A31DF02AA0005559FE /* PBXContainerItemProxy */ = {
			isa = PBXContainerItemProxy;
			containerPortal = B7C619791DF02AA0005559FE /* Project object */;
			proxyType = 1;
			remoteGlobalIDString = B7C619801DF02AA0005559FE;
			remoteInfo = ToDo;
		};
/* End PBXContainerItemProxy section */

/* Begin PBXFileReference section */
		B7C619811DF02AA0005559FE /* ToDoList.app */ = {isa = PBXFileReference; explicitFileType = wrapper.application; includeInIndex = 0; path = ToDoList.app; sourceTree = BUILT_PRODUCTS_DIR; };
		B7C6198B1DF02AA0005559FE /* Base */ = {isa = PBXFileReference; lastKnownFileType = file.storyboard; name = Base; path = Base.lproj/Main.storyboard; sourceTree = "<group>"; };
		B7C6198D1DF02AA0005559FE /* Assets.xcassets */ = {isa = PBXFileReference; lastKnownFileType = folder.assetcatalog; path = Assets.xcassets; sourceTree = "<group>"; };
		B7C619901DF02AA0005559FE /* Base */ = {isa = PBXFileReference; lastKnownFileType = file.storyboard; name = Base; path = Base.lproj/LaunchScreen.storyboard; sourceTree = "<group>"; };
		B7C619921DF02AA0005559FE /* Info.plist */ = {isa = PBXFileReference; lastKnownFileType = text.plist.xml; path = Info.plist; sourceTree = "<group>"; };
		B7C619971DF02AA0005559FE /* ToDoListTests.xctest */ = {isa = PBXFileReference; explicitFileType = wrapper.cfbundle; includeInIndex = 0; path = ToDoListTests.xctest; sourceTree = BUILT_PRODUCTS_DIR; };
		B7C6199B1DF02AA0005559FE /* ToDoTests.swift */ = {isa = PBXFileReference; lastKnownFileType = sourcecode.swift; path = ToDoTests.swift; sourceTree = "<group>"; };
		B7C6199D1DF02AA0005559FE /* Info.plist */ = {isa = PBXFileReference; lastKnownFileType = text.plist.xml; path = Info.plist; sourceTree = "<group>"; };
		B7C619A21DF02AA0005559FE /* ToDoListUITests.xctest */ = {isa = PBXFileReference; explicitFileType = wrapper.cfbundle; includeInIndex = 0; path = ToDoListUITests.xctest; sourceTree = BUILT_PRODUCTS_DIR; };
		B7C619A61DF02AA0005559FE /* ToDoUITests.swift */ = {isa = PBXFileReference; lastKnownFileType = sourcecode.swift; path = ToDoUITests.swift; sourceTree = "<group>"; };
		B7C619A81DF02AA0005559FE /* Info.plist */ = {isa = PBXFileReference; lastKnownFileType = text.plist.xml; path = Info.plist; sourceTree = "<group>"; };
		B7C619B41DF02D46005559FE /* ToDoList.plist */ = {isa = PBXFileReference; fileEncoding = 4; lastKnownFileType = text.plist.xml; path = ToDoList.plist; sourceTree = "<group>"; };
		B7C619B61DF02D69005559FE /* DueDateTableViewController.swift */ = {isa = PBXFileReference; fileEncoding = 4; lastKnownFileType = sourcecode.swift; path = DueDateTableViewController.swift; sourceTree = "<group>"; };
		B7C619B81DF02DA5005559FE /* PriorityTableViewController.swift */ = {isa = PBXFileReference; fileEncoding = 4; lastKnownFileType = sourcecode.swift; path = PriorityTableViewController.swift; sourceTree = "<group>"; };
		B7C619BA1DF02DC9005559FE /* ChangeTaskViewController.swift */ = {isa = PBXFileReference; fileEncoding = 4; lastKnownFileType = sourcecode.swift; path = ChangeTaskViewController.swift; sourceTree = "<group>"; };
		B7C619BB1DF02DC9005559FE /* TaskReadOnlyViewController.swift */ = {isa = PBXFileReference; fileEncoding = 4; lastKnownFileType = sourcecode.swift; path = TaskReadOnlyViewController.swift; sourceTree = "<group>"; };
		B7C619BC1DF02DC9005559FE /* ToDoListTableViewController.swift */ = {isa = PBXFileReference; fileEncoding = 4; lastKnownFileType = sourcecode.swift; path = ToDoListTableViewController.swift; sourceTree = "<group>"; };
		B7C619BD1DF02DC9005559FE /* AddTaskViewController.swift */ = {isa = PBXFileReference; fileEncoding = 4; lastKnownFileType = sourcecode.swift; path = AddTaskViewController.swift; sourceTree = "<group>"; };
		B7C619BE1DF02DC9005559FE /* TaskTableViewCell.swift */ = {isa = PBXFileReference; fileEncoding = 4; lastKnownFileType = sourcecode.swift; path = TaskTableViewCell.swift; sourceTree = "<group>"; };
		B7C619C41DF02DD6005559FE /* ToBeDoneTableViewController.swift */ = {isa = PBXFileReference; fileEncoding = 4; lastKnownFileType = sourcecode.swift; path = ToBeDoneTableViewController.swift; sourceTree = "<group>"; };
		B7C619C51DF02DD6005559FE /* ToBeDoneTableViewCell.swift */ = {isa = PBXFileReference; fileEncoding = 4; lastKnownFileType = sourcecode.swift; path = ToBeDoneTableViewCell.swift; sourceTree = "<group>"; };
		B7C619C81DF02E11005559FE /* AppDelegate.swift */ = {isa = PBXFileReference; fileEncoding = 4; lastKnownFileType = sourcecode.swift; path = AppDelegate.swift; sourceTree = "<group>"; };
/* End PBXFileReference section */

/* Begin PBXFrameworksBuildPhase section */
		B7C6197E1DF02AA0005559FE /* Frameworks */ = {
			isa = PBXFrameworksBuildPhase;
			buildActionMask = 2147483647;
			files = (
			);
			runOnlyForDeploymentPostprocessing = 0;
		};
		B7C619941DF02AA0005559FE /* Frameworks */ = {
			isa = PBXFrameworksBuildPhase;
			buildActionMask = 2147483647;
			files = (
			);
			runOnlyForDeploymentPostprocessing = 0;
		};
		B7C6199F1DF02AA0005559FE /* Frameworks */ = {
			isa = PBXFrameworksBuildPhase;
			buildActionMask = 2147483647;
			files = (
			);
			runOnlyForDeploymentPostprocessing = 0;
		};
/* End PBXFrameworksBuildPhase section */

/* Begin PBXGroup section */
		B7C619781DF02AA0005559FE = {
			isa = PBXGroup;
			children = (
				B7C619831DF02AA0005559FE /* ToDo */,
				B7C6199A1DF02AA0005559FE /* ToDoTests */,
				B7C619A51DF02AA0005559FE /* ToDoUITests */,
				B7C619821DF02AA0005559FE /* Products */,
			);
			sourceTree = "<group>";
		};
		B7C619821DF02AA0005559FE /* Products */ = {
			isa = PBXGroup;
			children = (
				B7C619811DF02AA0005559FE /* ToDoList.app */,
				B7C619971DF02AA0005559FE /* ToDoListTests.xctest */,
				B7C619A21DF02AA0005559FE /* ToDoListUITests.xctest */,
			);
			name = Products;
			sourceTree = "<group>";
		};
		B7C619831DF02AA0005559FE /* ToDo */ = {
			isa = PBXGroup;
			children = (
				B7C619C81DF02E11005559FE /* AppDelegate.swift */,
				B7C619B81DF02DA5005559FE /* PriorityTableViewController.swift */,
				B7C619B61DF02D69005559FE /* DueDateTableViewController.swift */,
				B7C619BA1DF02DC9005559FE /* ChangeTaskViewController.swift */,
				B7C619BB1DF02DC9005559FE /* TaskReadOnlyViewController.swift */,
				B7C619C41DF02DD6005559FE /* ToBeDoneTableViewController.swift */,
				B7C619C51DF02DD6005559FE /* ToBeDoneTableViewCell.swift */,
				B7C619BC1DF02DC9005559FE /* ToDoListTableViewController.swift */,
				B7C619BD1DF02DC9005559FE /* AddTaskViewController.swift */,
				B7C619BE1DF02DC9005559FE /* TaskTableViewCell.swift */,
				B7C6198A1DF02AA0005559FE /* Main.storyboard */,
				B7C6198D1DF02AA0005559FE /* Assets.xcassets */,
				B7C6198F1DF02AA0005559FE /* LaunchScreen.storyboard */,
				B7C619921DF02AA0005559FE /* Info.plist */,
				B7C619B41DF02D46005559FE /* ToDoList.plist */,
			);
			path = ToDo;
			sourceTree = "<group>";
		};
		B7C6199A1DF02AA0005559FE /* ToDoTests */ = {
			isa = PBXGroup;
			children = (
				B7C6199B1DF02AA0005559FE /* ToDoTests.swift */,
				B7C6199D1DF02AA0005559FE /* Info.plist */,
			);
			path = ToDoTests;
			sourceTree = "<group>";
		};
		B7C619A51DF02AA0005559FE /* ToDoUITests */ = {
			isa = PBXGroup;
			children = (
				B7C619A61DF02AA0005559FE /* ToDoUITests.swift */,
				B7C619A81DF02AA0005559FE /* Info.plist */,
			);
			path = ToDoUITests;
			sourceTree = "<group>";
		};
/* End PBXGroup section */

/* Begin PBXNativeTarget section */
		B7C619801DF02AA0005559FE /* ToDoList */ = {
			isa = PBXNativeTarget;
			buildConfigurationList = B7C619AB1DF02AA0005559FE /* Build configuration list for PBXNativeTarget "ToDoList" */;
			buildPhases = (
				B7C6197D1DF02AA0005559FE /* Sources */,
				B7C6197E1DF02AA0005559FE /* Frameworks */,
				B7C6197F1DF02AA0005559FE /* Resources */,
			);
			buildRules = (
			);
			dependencies = (
			);
			name = ToDoList;
			productName = ToDo;
			productReference = B7C619811DF02AA0005559FE /* ToDoList.app */;
			productType = "com.apple.product-type.application";
		};
		B7C619961DF02AA0005559FE /* ToDoListTests */ = {
			isa = PBXNativeTarget;
			buildConfigurationList = B7C619AE1DF02AA0005559FE /* Build configuration list for PBXNativeTarget "ToDoListTests" */;
			buildPhases = (
				B7C619931DF02AA0005559FE /* Sources */,
				B7C619941DF02AA0005559FE /* Frameworks */,
				B7C619951DF02AA0005559FE /* Resources */,
			);
			buildRules = (
			);
			dependencies = (
				B7C619991DF02AA0005559FE /* PBXTargetDependency */,
			);
			name = ToDoListTests;
			productName = ToDoTests;
			productReference = B7C619971DF02AA0005559FE /* ToDoListTests.xctest */;
			productType = "com.apple.product-type.bundle.unit-test";
		};
		B7C619A11DF02AA0005559FE /* ToDoListUITests */ = {
			isa = PBXNativeTarget;
			buildConfigurationList = B7C619B11DF02AA0005559FE /* Build configuration list for PBXNativeTarget "ToDoListUITests" */;
			buildPhases = (
				B7C6199E1DF02AA0005559FE /* Sources */,
				B7C6199F1DF02AA0005559FE /* Frameworks */,
				B7C619A01DF02AA0005559FE /* Resources */,
			);
			buildRules = (
			);
			dependencies = (
				B7C619A41DF02AA0005559FE /* PBXTargetDependency */,
			);
			name = ToDoListUITests;
			productName = ToDoUITests;
			productReference = B7C619A21DF02AA0005559FE /* ToDoListUITests.xctest */;
			productType = "com.apple.product-type.bundle.ui-testing";
		};
/* End PBXNativeTarget section */

/* Begin PBXProject section */
		B7C619791DF02AA0005559FE /* Project object */ = {
			isa = PBXProject;
			attributes = {
				LastSwiftUpdateCheck = 0800;
				LastUpgradeCheck = 0800;
				ORGANIZATIONNAME = CS3714;
				TargetAttributes = {
					B7C619801DF02AA0005559FE = {
						CreatedOnToolsVersion = 8.0;
						DevelopmentTeam = U3465V32BF;
						ProvisioningStyle = Automatic;
					};
					B7C619961DF02AA0005559FE = {
						CreatedOnToolsVersion = 8.0;
						ProvisioningStyle = Automatic;
						TestTargetID = B7C619801DF02AA0005559FE;
					};
					B7C619A11DF02AA0005559FE = {
						CreatedOnToolsVersion = 8.0;
						ProvisioningStyle = Automatic;
						TestTargetID = B7C619801DF02AA0005559FE;
					};
				};
			};
			buildConfigurationList = B7C6197C1DF02AA0005559FE /* Build configuration list for PBXProject "ToDoList" */;
			compatibilityVersion = "Xcode 3.2";
			developmentRegion = English;
			hasScannedForEncodings = 0;
			knownRegions = (
				en,
				Base,
			);
			mainGroup = B7C619781DF02AA0005559FE;
			productRefGroup = B7C619821DF02AA0005559FE /* Products */;
			projectDirPath = "";
			projectRoot = "";
			targets = (
				B7C619801DF02AA0005559FE /* ToDoList */,
				B7C619961DF02AA0005559FE /* ToDoListTests */,
				B7C619A11DF02AA0005559FE /* ToDoListUITests */,
			);
		};
/* End PBXProject section */

/* Begin PBXResourcesBuildPhase section */
		B7C6197F1DF02AA0005559FE /* Resources */ = {
			isa = PBXResourcesBuildPhase;
			buildActionMask = 2147483647;
			files = (
				B7C619911DF02AA0005559FE /* LaunchScreen.storyboard in Resources */,
				B7C6198E1DF02AA0005559FE /* Assets.xcassets in Resources */,
				B7C619B51DF02D46005559FE /* ToDoList.plist in Resources */,
				B7C6198C1DF02AA0005559FE /* Main.storyboard in Resources */,
			);
			runOnlyForDeploymentPostprocessing = 0;
		};
		B7C619951DF02AA0005559FE /* Resources */ = {
			isa = PBXResourcesBuildPhase;
			buildActionMask = 2147483647;
			files = (
			);
			runOnlyForDeploymentPostprocessing = 0;
		};
		B7C619A01DF02AA0005559FE /* Resources */ = {
			isa = PBXResourcesBuildPhase;
			buildActionMask = 2147483647;
			files = (
			);
			runOnlyForDeploymentPostprocessing = 0;
		};
/* End PBXResourcesBuildPhase section */

/* Begin PBXSourcesBuildPhase section */
		B7C6197D1DF02AA0005559FE /* Sources */ = {
			isa = PBXSourcesBuildPhase;
			buildActionMask = 2147483647;
			files = (
				B7C619C31DF02DC9005559FE /* TaskTableViewCell.swift in Sources */,
				B7C619B71DF02D69005559FE /* DueDateTableViewController.swift in Sources */,
				B7C619BF1DF02DC9005559FE /* ChangeTaskViewController.swift in Sources */,
				B7C619B91DF02DA5005559FE /* PriorityTableViewController.swift in Sources */,
				B7C619C01DF02DC9005559FE /* TaskReadOnlyViewController.swift in Sources */,
				B7C619C11DF02DC9005559FE /* ToDoListTableViewController.swift in Sources */,
				B7C619C61DF02DD6005559FE /* ToBeDoneTableViewController.swift in Sources */,
				B7C619C21DF02DC9005559FE /* AddTaskViewController.swift in Sources */,
				B7C619C91DF02E11005559FE /* AppDelegate.swift in Sources */,
				B7C619C71DF02DD6005559FE /* ToBeDoneTableViewCell.swift in Sources */,
			);
			runOnlyForDeploymentPostprocessing = 0;
		};
		B7C619931DF02AA0005559FE /* Sources */ = {
			isa = PBXSourcesBuildPhase;
			buildActionMask = 2147483647;
			files = (
				B7C6199C1DF02AA0005559FE /* ToDoTests.swift in Sources */,
			);
			runOnlyForDeploymentPostprocessing = 0;
		};
		B7C6199E1DF02AA0005559FE /* Sources */ = {
			isa = PBXSourcesBuildPhase;
			buildActionMask = 2147483647;
			files = (
				B7C619A71DF02AA0005559FE /* ToDoUITests.swift in Sources */,
			);
			runOnlyForDeploymentPostprocessing = 0;
		};
/* End PBXSourcesBuildPhase section */

/* Begin PBXTargetDependency section */
		B7C619991DF02AA0005559FE /* PBXTargetDependency */ = {
			isa = PBXTargetDependency;
			target = B7C619801DF02AA0005559FE /* ToDoList */;
			targetProxy = B7C619981DF02AA0005559FE /* PBXContainerItemProxy */;
		};
		B7C619A41DF02AA0005559FE /* PBXTargetDependency */ = {
			isa = PBXTargetDependency;
			target = B7C619801DF02AA0005559FE /* ToDoList */;
			targetProxy = B7C619A31DF02AA0005559FE /* PBXContainerItemProxy */;
		};
/* End PBXTargetDependency section */

/* Begin PBXVariantGroup section */
		B7C6198A1DF02AA0005559FE /* Main.storyboard */ = {
			isa = PBXVariantGroup;
			children = (
				B7C6198B1DF02AA0005559FE /* Base */,
			);
			name = Main.storyboard;
			sourceTree = "<group>";
		};
		B7C6198F1DF02AA0005559FE /* LaunchScreen.storyboard */ = {
			isa = PBXVariantGroup;
			children = (
				B7C619901DF02AA0005559FE /* Base */,
			);
			name = LaunchScreen.storyboard;
			sourceTree = "<group>";
		};
/* End PBXVariantGroup section */

/* Begin XCBuildConfiguration section */
		B7C619A91DF02AA0005559FE /* Debug */ = {
			isa = XCBuildConfiguration;
			buildSettings = {
				ALWAYS_SEARCH_USER_PATHS = NO;
				CLANG_ANALYZER_NONNULL = YES;
				CLANG_CXX_LANGUAGE_STANDARD = "gnu++0x";
				CLANG_CXX_LIBRARY = "libc++";
				CLANG_ENABLE_MODULES = YES;
				CLANG_ENABLE_OBJC_ARC = YES;
				CLANG_WARN_BOOL_CONVERSION = YES;
				CLANG_WARN_CONSTANT_CONVERSION = YES;
				CLANG_WARN_DIRECT_OBJC_ISA_USAGE = YES_ERROR;
				CLANG_WARN_DOCUMENTATION_COMMENTS = YES;
				CLANG_WARN_EMPTY_BODY = YES;
				CLANG_WARN_ENUM_CONVERSION = YES;
				CLANG_WARN_INFINITE_RECURSION = YES;
				CLANG_WARN_INT_CONVERSION = YES;
				CLANG_WARN_OBJC_ROOT_CLASS = YES_ERROR;
				CLANG_WARN_SUSPICIOUS_MOVES = YES;
				CLANG_WARN_UNREACHABLE_CODE = YES;
				CLANG_WARN__DUPLICATE_METHOD_MATCH = YES;
				"CODE_SIGN_IDENTITY[sdk=iphoneos*]" = "iPhone Developer";
				COPY_PHASE_STRIP = NO;
				DEBUG_INFORMATION_FORMAT = dwarf;
				ENABLE_STRICT_OBJC_MSGSEND = YES;
				ENABLE_TESTABILITY = YES;
				GCC_C_LANGUAGE_STANDARD = gnu99;
				GCC_DYNAMIC_NO_PIC = NO;
				GCC_NO_COMMON_BLOCKS = YES;
				GCC_OPTIMIZATION_LEVEL = 0;
				GCC_PREPROCESSOR_DEFINITIONS = (
					"DEBUG=1",
					"$(inherited)",
				);
				GCC_WARN_64_TO_32_BIT_CONVERSION = YES;
				GCC_WARN_ABOUT_RETURN_TYPE = YES_ERROR;
				GCC_WARN_UNDECLARED_SELECTOR = YES;
				GCC_WARN_UNINITIALIZED_AUTOS = YES_AGGRESSIVE;
				GCC_WARN_UNUSED_FUNCTION = YES;
				GCC_WARN_UNUSED_VARIABLE = YES;
				IPHONEOS_DEPLOYMENT_TARGET = 10.0;
				MTL_ENABLE_DEBUG_INFO = YES;
				ONLY_ACTIVE_ARCH = YES;
				SDKROOT = iphoneos;
				SWIFT_ACTIVE_COMPILATION_CONDITIONS = DEBUG;
				SWIFT_OPTIMIZATION_LEVEL = "-Onone";
				TARGETED_DEVICE_FAMILY = "1,2";
			};
			name = Debug;
		};
		B7C619AA1DF02AA0005559FE /* Release */ = {
			isa = XCBuildConfiguration;
			buildSettings = {
				ALWAYS_SEARCH_USER_PATHS = NO;
				CLANG_ANALYZER_NONNULL = YES;
				CLANG_CXX_LANGUAGE_STANDARD = "gnu++0x";
				CLANG_CXX_LIBRARY = "libc++";
				CLANG_ENABLE_MODULES = YES;
				CLANG_ENABLE_OBJC_ARC = YES;
				CLANG_WARN_BOOL_CONVERSION = YES;
				CLANG_WARN_CONSTANT_CONVERSION = YES;
				CLANG_WARN_DIRECT_OBJC_ISA_USAGE = YES_ERROR;
				CLANG_WARN_DOCUMENTATION_COMMENTS = YES;
				CLANG_WARN_EMPTY_BODY = YES;
				CLANG_WARN_ENUM_CONVERSION = YES;
				CLANG_WARN_INFINITE_RECURSION = YES;
				CLANG_WARN_INT_CONVERSION = YES;
				CLANG_WARN_OBJC_ROOT_CLASS = YES_ERROR;
				CLANG_WARN_SUSPICIOUS_MOVES = YES;
				CLANG_WARN_UNREACHABLE_CODE = YES;
				CLANG_WARN__DUPLICATE_METHOD_MATCH = YES;
				"CODE_SIGN_IDENTITY[sdk=iphoneos*]" = "iPhone Developer";
				COPY_PHASE_STRIP = NO;
				DEBUG_INFORMATION_FORMAT = "dwarf-with-dsym";
				ENABLE_NS_ASSERTIONS = NO;
				ENABLE_STRICT_OBJC_MSGSEND = YES;
				GCC_C_LANGUAGE_STANDARD = gnu99;
				GCC_NO_COMMON_BLOCKS = YES;
				GCC_WARN_64_TO_32_BIT_CONVERSION = YES;
				GCC_WARN_ABOUT_RETURN_TYPE = YES_ERROR;
				GCC_WARN_UNDECLARED_SELECTOR = YES;
				GCC_WARN_UNINITIALIZED_AUTOS = YES_AGGRESSIVE;
				GCC_WARN_UNUSED_FUNCTION = YES;
				GCC_WARN_UNUSED_VARIABLE = YES;
				IPHONEOS_DEPLOYMENT_TARGET = 10.0;
				MTL_ENABLE_DEBUG_INFO = NO;
				SDKROOT = iphoneos;
				SWIFT_OPTIMIZATION_LEVEL = "-Owholemodule";
				TARGETED_DEVICE_FAMILY = "1,2";
				VALIDATE_PRODUCT = YES;
			};
			name = Release;
		};
		B7C619AC1DF02AA0005559FE /* Debug */ = {
			isa = XCBuildConfiguration;
			buildSettings = {
				ASSETCATALOG_COMPILER_APPICON_NAME = AppIcon;
				DEVELOPMENT_TEAM = U3465V32BF;
				INFOPLIST_FILE = ToDo/Info.plist;
				IPHONEOS_DEPLOYMENT_TARGET = 9.0;
				LD_RUNPATH_SEARCH_PATHS = "$(inherited) @executable_path/Frameworks";
				PRODUCT_BUNDLE_IDENTIFIER = com.jesusfabian.ToDoList;
				PRODUCT_NAME = "$(TARGET_NAME)";
				SWIFT_VERSION = 3.0;
			};
			name = Debug;
		};
		B7C619AD1DF02AA0005559FE /* Release */ = {
			isa = XCBuildConfiguration;
			buildSettings = {
				ASSETCATALOG_COMPILER_APPICON_NAME = AppIcon;
				DEVELOPMENT_TEAM = U3465V32BF;
				INFOPLIST_FILE = ToDo/Info.plist;
				IPHONEOS_DEPLOYMENT_TARGET = 9.0;
				LD_RUNPATH_SEARCH_PATHS = "$(inherited) @executable_path/Frameworks";
				PRODUCT_BUNDLE_IDENTIFIER = com.jesusfabian.ToDoList;
				PRODUCT_NAME = "$(TARGET_NAME)";
				SWIFT_VERSION = 3.0;
			};
			name = Release;
		};
		B7C619AF1DF02AA0005559FE /* Debug */ = {
			isa = XCBuildConfiguration;
			buildSettings = {
				ALWAYS_EMBED_SWIFT_STANDARD_LIBRARIES = YES;
				BUNDLE_LOADER = "$(TEST_HOST)";
				INFOPLIST_FILE = ToDoTests/Info.plist;
				LD_RUNPATH_SEARCH_PATHS = "$(inherited) @executable_path/Frameworks @loader_path/Frameworks";
				PRODUCT_BUNDLE_IDENTIFIER = com.jesusfabian.ToDoTests;
				PRODUCT_NAME = "$(TARGET_NAME)";
				SWIFT_VERSION = 3.0;
				TEST_HOST = "$(BUILT_PRODUCTS_DIR)/ToDoList.app/ToDoList";
			};
			name = Debug;
		};
		B7C619B01DF02AA0005559FE /* Release */ = {
			isa = XCBuildConfiguration;
			buildSettings = {
				ALWAYS_EMBED_SWIFT_STANDARD_LIBRARIES = YES;
				BUNDLE_LOADER = "$(TEST_HOST)";
				INFOPLIST_FILE = ToDoTests/Info.plist;
				LD_RUNPATH_SEARCH_PATHS = "$(inherited) @executable_path/Frameworks @loader_path/Frameworks";
				PRODUCT_BUNDLE_IDENTIFIER = com.jesusfabian.ToDoTests;
				PRODUCT_NAME = "$(TARGET_NAME)";
				SWIFT_VERSION = 3.0;
				TEST_HOST = "$(BUILT_PRODUCTS_DIR)/ToDoList.app/ToDoList";
			};
			name = Release;
		};
		B7C619B21DF02AA0005559FE /* Debug */ = {
			isa = XCBuildConfiguration;
			buildSettings = {
				ALWAYS_EMBED_SWIFT_STANDARD_LIBRARIES = YES;
				INFOPLIST_FILE = ToDoUITests/Info.plist;
				LD_RUNPATH_SEARCH_PATHS = "$(inherited) @executable_path/Frameworks @loader_path/Frameworks";
				PRODUCT_BUNDLE_IDENTIFIER = com.jesusfabian.ToDoUITests;
				PRODUCT_NAME = "$(TARGET_NAME)";
				SWIFT_VERSION = 3.0;
				TEST_TARGET_NAME = ToDo;
			};
			name = Debug;
		};
		B7C619B31DF02AA0005559FE /* Release */ = {
			isa = XCBuildConfiguration;
			buildSettings = {
				ALWAYS_EMBED_SWIFT_STANDARD_LIBRARIES = YES;
				INFOPLIST_FILE = ToDoUITests/Info.plist;
				LD_RUNPATH_SEARCH_PATHS = "$(inherited) @executable_path/Frameworks @loader_path/Frameworks";
				PRODUCT_BUNDLE_IDENTIFIER = com.jesusfabian.ToDoUITests;
				PRODUCT_NAME = "$(TARGET_NAME)";
				SWIFT_VERSION = 3.0;
				TEST_TARGET_NAME = ToDo;
			};
			name = Release;
		};
/* End XCBuildConfiguration section */

/* Begin XCConfigurationList section */
		B7C6197C1DF02AA0005559FE /* Build configuration list for PBXProject "ToDoList" */ = {
			isa = XCConfigurationList;
			buildConfigurations = (
				B7C619A91DF02AA0005559FE /* Debug */,
				B7C619AA1DF02AA0005559FE /* Release */,
			);
			defaultConfigurationIsVisible = 0;
			defaultConfigurationName = Release;
		};
		B7C619AB1DF02AA0005559FE /* Build configuration list for PBXNativeTarget "ToDoList" */ = {
			isa = XCConfigurationList;
			buildConfigurations = (
				B7C619AC1DF02AA0005559FE /* Debug */,
				B7C619AD1DF02AA0005559FE /* Release */,
			);
			defaultConfigurationIsVisible = 0;
			defaultConfigurationName = Release;
		};
		B7C619AE1DF02AA0005559FE /* Build configuration list for PBXNativeTarget "ToDoListTests" */ = {
			isa = XCConfigurationList;
			buildConfigurations = (
				B7C619AF1DF02AA0005559FE /* Debug */,
				B7C619B01DF02AA0005559FE /* Release */,
			);
			defaultConfigurationIsVisible = 0;
			defaultConfigurationName = Release;
		};
		B7C619B11DF02AA0005559FE /* Build configuration list for PBXNativeTarget "ToDoListUITests" */ = {
			isa = XCConfigurationList;
			buildConfigurations = (
				B7C619B21DF02AA0005559FE /* Debug */,
				B7C619B31DF02AA0005559FE /* Release */,
			);
			defaultConfigurationIsVisible = 0;
			defaultConfigurationName = Release;
		};
/* End XCConfigurationList section */
	};
	rootObject = B7C619791DF02AA0005559FE /* Project object */;
}
